
Microsoft Visual Studio Solution File, Format Version 12.00
# Visual Studio Version 17
VisualStudioVersion = 17.0.31912.275
MinimumVisualStudioVersion = 10.0.40219.1
Project("{9A19103F-16F7-4668-BE54-9A1E7A4F7556}") = "Metalama.LinqPad", "src\Metalama.LinqPad\Metalama.LinqPad.csproj", "{DBD15088-3C7D-4F85-BAB5-CB1424996091}"
EndProject
Project("{2150E333-8FDC-42A3-9474-1A3956D46DE8}") = "tests", "tests", "{71CA62F5-0A3D-472B-89B3-3C0488E8AD10}"
EndProject
Project("{9A19103F-16F7-4668-BE54-9A1E7A4F7556}") = "Metalama.LinqPad.Tests", "src\tests\Metalama.LinqPad.Tests\Metalama.LinqPad.Tests.csproj", "{9BBB9420-4401-4F60-B2EB-70CF2349070C}"
EndProject
Global
	GlobalSection(SolutionConfigurationPlatforms) = preSolution
		Debug|Any CPU = Debug|Any CPU
		Release|Any CPU = Release|Any CPU
	EndGlobalSection
	GlobalSection(ProjectConfigurationPlatforms) = postSolution
		{DBD15088-3C7D-4F85-BAB5-CB1424996091}.Debug|Any CPU.ActiveCfg = Debug|Any CPU
		{DBD15088-3C7D-4F85-BAB5-CB1424996091}.Debug|Any CPU.Build.0 = Debug|Any CPU
		{DBD15088-3C7D-4F85-BAB5-CB1424996091}.Release|Any CPU.ActiveCfg = Release|Any CPU
		{DBD15088-3C7D-4F85-BAB5-CB1424996091}.Release|Any CPU.Build.0 = Release|Any CPU
		{9BBB9420-4401-4F60-B2EB-70CF2349070C}.Debug|Any CPU.ActiveCfg = Debug|Any CPU
		{9BBB9420-4401-4F60-B2EB-70CF2349070C}.Debug|Any CPU.Build.0 = Debug|Any CPU
		{9BBB9420-4401-4F60-B2EB-70CF2349070C}.Release|Any CPU.ActiveCfg = Release|Any CPU
		{9BBB9420-4401-4F60-B2EB-70CF2349070C}.Release|Any CPU.Build.0 = Release|Any CPU
	EndGlobalSection
	GlobalSection(SolutionProperties) = preSolution
		HideSolutionNode = FALSE
	EndGlobalSection
	GlobalSection(NestedProjects) = preSolution
		{9BBB9420-4401-4F60-B2EB-70CF2349070C} = {71CA62F5-0A3D-472B-89B3-3C0488E8AD10}
	EndGlobalSection
	GlobalSection(ExtensibilityGlobals) = postSolution
		SolutionGuid = {40D2FBCB-DC9E-4CF3-AA05-9A42E9210D2C}
	EndGlobalSection
EndGlobal
